
Microsoft Visual Studio Solution File, Format Version 12.00
# Visual Studio Version 16
VisualStudioVersion = 16.0.34031.81
MinimumVisualStudioVersion = 10.0.40219.1
Project("{8BC9CEB8-8B4A-11D0-8D11-00A0C91BC942}") = "DuiLib", "DuiLib\DuiLib.vcxproj", "{E106ACD7-4E53-4AEE-942B-D0DD426DB34E}"
EndProject
Project("{8BC9CEB8-8B4A-11D0-8D11-00A0C91BC942}") = "DuiLib_Static", "DuiLib\DuiLib_Static.vcxproj", "{A9B0BBE7-FF56-4BA0-A9D0-06FC94F8932E}"
EndProject
Project("{8BC9CEB8-8B4A-11D0-8D11-00A0C91BC942}") = "compass_clock", "sample\compass_clock\compass_clock.vcxproj", "{AA5AF7D4-1AE6-4466-BB96-3C07E42154AE}"
EndProject
Project("{8BC9CEB8-8B4A-11D0-8D11-00A0C91BC942}") = "plusin_test", "sample\plusin_test\plusin_test.vcxproj", "{C8B0BC2F-7DA1-40DD-AF52-0836BC3377FE}"
EndProject
Global
	GlobalSection(SolutionConfigurationPlatforms) = preSolution
		Debug|Win32 = Debug|Win32
		Debug|x64 = Debug|x64
		Release|Win32 = Release|Win32
		Release|x64 = Release|x64
	EndGlobalSection
	GlobalSection(ProjectConfigurationPlatforms) = postSolution
		{E106ACD7-4E53-4AEE-942B-D0DD426DB34E}.Debug|Win32.ActiveCfg = Debug|Win32
		{E106ACD7-4E53-4AEE-942B-D0DD426DB34E}.Debug|Win32.Build.0 = Debug|Win32
		{E106ACD7-4E53-4AEE-942B-D0DD426DB34E}.Debug|x64.ActiveCfg = Debug|x64
		{E106ACD7-4E53-4AEE-942B-D0DD426DB34E}.Release|Win32.ActiveCfg = Release|Win32
		{E106ACD7-4E53-4AEE-942B-D0DD426DB34E}.Release|Win32.Build.0 = Release|Win32
		{E106ACD7-4E53-4AEE-942B-D0DD426DB34E}.Release|x64.ActiveCfg = Release|x64
		{E106ACD7-4E53-4AEE-942B-D0DD426DB34E}.Release|x64.Build.0 = Release|x64
		{A9B0BBE7-FF56-4BA0-A9D0-06FC94F8932E}.Debug|Win32.ActiveCfg = Debug|Win32
		{A9B0BBE7-FF56-4BA0-A9D0-06FC94F8932E}.Debug|Win32.Build.0 = Debug|Win32
		{A9B0BBE7-FF56-4BA0-A9D0-06FC94F8932E}.Debug|x64.ActiveCfg = Debug|x64
		{A9B0BBE7-FF56-4BA0-A9D0-06FC94F8932E}.Debug|x64.Build.0 = Debug|x64
		{A9B0BBE7-FF56-4BA0-A9D0-06FC94F8932E}.Release|Win32.ActiveCfg = Release|Win32
		{A9B0BBE7-FF56-4BA0-A9D0-06FC94F8932E}.Release|Win32.Build.0 = Release|Win32
		{A9B0BBE7-FF56-4BA0-A9D0-06FC94F8932E}.Release|x64.ActiveCfg = Release|x64
		{AA5AF7D4-1AE6-4466-BB96-3C07E42154AE}.Debug|Win32.ActiveCfg = Debug|Win32
		{AA5AF7D4-1AE6-4466-BB96-3C07E42154AE}.Debug|Win32.Build.0 = Debug|Win32
		{AA5AF7D4-1AE6-4466-BB96-3C07E42154AE}.Debug|x64.ActiveCfg = Debug|x64
		{AA5AF7D4-1AE6-4466-BB96-3C07E42154AE}.Debug|x64.Build.0 = Debug|x64
		{AA5AF7D4-1AE6-4466-BB96-3C07E42154AE}.Release|Win32.ActiveCfg = Release|Win32
		{AA5AF7D4-1AE6-4466-BB96-3C07E42154AE}.Release|Win32.Build.0 = Release|Win32
		{AA5AF7D4-1AE6-4466-BB96-3C07E42154AE}.Release|x64.ActiveCfg = Release|x64
		{AA5AF7D4-1AE6-4466-BB96-3C07E42154AE}.Release|x64.Build.0 = Release|x64
		{C8B0BC2F-7DA1-40DD-AF52-0836BC3377FE}.Debug|Win32.ActiveCfg = Debug|Win32
		{C8B0BC2F-7DA1-40DD-AF52-0836BC3377FE}.Debug|Win32.Build.0 = Debug|Win32
		{C8B0BC2F-7DA1-40DD-AF52-0836BC3377FE}.Debug|x64.ActiveCfg = Debug|x64
		{C8B0BC2F-7DA1-40DD-AF52-0836BC3377FE}.Debug|x64.Build.0 = Debug|x64
		{C8B0BC2F-7DA1-40DD-AF52-0836BC3377FE}.Release|Win32.ActiveCfg = Release|Win32
		{C8B0BC2F-7DA1-40DD-AF52-0836BC3377FE}.Release|Win32.Build.0 = Release|Win32
		{C8B0BC2F-7DA1-40DD-AF52-0836BC3377FE}.Release|x64.ActiveCfg = Release|x64
		{C8B0BC2F-7DA1-40DD-AF52-0836BC3377FE}.Release|x64.Build.0 = Release|x64
	EndGlobalSection
	GlobalSection(SolutionProperties) = preSolution
		HideSolutionNode = FALSE
	EndGlobalSection
	GlobalSection(ExtensibilityGlobals) = postSolution
		SolutionGuid = {A5CB1D09-E1D9-4E26-B1A0-19E7B038E211}
	EndGlobalSection
EndGlobal
